version = 1
revision = 3
requires-python = "==3.13.*"

[[package]]
name = "asgiref"
version = "3.12.1"
source = { registry = "https://pypi.org/simple" }
sdist = { url = "https://files.pythonhosted.org/packages/e6/26/3b59f2bdae5f640389becb1f673cded775287f5fc4f816309d9ca9a3f93d/asgiref-3.12.1.tar.gz", hash = "sha256:59dcb51c272ad209d59bed5708a64a333083e86017d7fcdd67498eeab7784340", size = 42378, upload-time = "2026-07-14T09:56:18.087Z" }
wheels = [
    { url = "https://files.pythonhosted.org/packages/c0/1b/54f4ad77cd8a584fa70746c47df988e002cf1ee1eba43364d46f87803647/asgiref-3.12.1-py3-none-any.whl", hash = "sha256:fe386d1c2bff7259ea95929266d12a8cf9a8b5a1c2598402967d8792e7a7c094", size = 25478, upload-time = "2026-07-14T09:56:16.926Z" },
]

[[package]]
name = "colorama"
version = "0.4.6"
source = { registry = "https://pypi.org/simple" }
sdist = { url = "https://files.pythonhosted.org/packages/d8/53/6f443c9a4a8358a93a6792e2acffb9d9d5cb0a5cfd8802644b7b1c9a02e4/colorama-0.4.6.tar.gz", hash = "sha256:08695f5cb7ed6e0531a20572697297273c47b8cae5a63ffc6d6ed5c201be6e44", size = 27697, upload-time = "2022-10-25T02:36:22.414Z" }
wheels = [
    { url = "https://files.pythonhosted.org/packages/d1/d6/3965ed04c63042e047cb6a3e6ed1a63a35087b6a609aa3a15ed8ac56c221/colorama-0.4.6-py2.py3-none-any.whl", hash = "sha256:4f1d9991f5acc0ca119f9d443620b77f9d6b33703e51011c16baf57afb285fc6", size = 25335, upload-time = "2022-10-25T02:36:20.889Z" },
]

[[package]]
name = "common-thread"
version = "0.1.0"
source = { virtual = "." }
dependencies = [
    { name = "dj-database-url" },
    { name = "django" },
    { name = "gunicorn" },
    { name = "psycopg", extra = ["binary"] },
    { name = "whitenoise" },
]

[package.dev-dependencies]
dev = [
    { name = "playwright" },
    { name = "pytest" },
    { name = "pytest-django" },
    { name = "ruff" },
]

[package.metadata]
requires-dist = [
    { name = "dj-database-url", specifier = ">=3,<4" },
    { name = "django", specifier = ">=5.2,<5.3" },
    { name = "gunicorn", specifier = ">=23,<26" },
    { name = "psycopg", extras = ["binary"], specifier = ">=3.2,<4" },
    { name = "whitenoise", specifier = ">=6,<7" },
]

[package.metadata.requires-dev]
dev = [
    { name = "playwright" },
    { name = "pytest" },
    { name = "pytest-django" },
    { name = "ruff" },
]

[[package]]
name = "dj-database-url"
version = "3.1.2"
source = { registry = "https://pypi.org/simple" }
dependencies = [
    { name = "django" },
]
sdist = { url = "https://files.pythonhosted.org/packages/03/f6/00b625e9d371b980aa261011d0dc906a16444cb688f94215e0dc86996eb5/dj_database_url-3.1.2.tar.gz", hash = "sha256:63c20e4bbaa51690dfd4c8d189521f6bf6bc9da9fcdb23d95d2ee8ee87f9ec62", size = 11490, upload-time = "2026-02-19T15:30:23.638Z" }
wheels = [
    { url = "https://files.pythonhosted.org/packages/cf/a9/57c66006373381f1d3e5bd94216f1d371228a89f443d3030e010f73dd198/dj_database_url-3.1.2-py3-none-any.whl", hash = "sha256:544e015fee3efa5127a1eb1cca465f4ace578265b3671fe61d0ed7dbafb5ec8a", size = 8953, upload-time = "2026-02-19T15:30:39.37Z" },
]

[[package]]
name = "django"
version = "5.2.17"
source = { registry = "https://pypi.org/simple" }
dependencies = [
    { name = "asgiref" },
    { name = "sqlparse" },
    { name = "tzdata", marker = "sys_platform == 'win32'" },
]
sdist = { url = "https://files.pythonhosted.org/packages/d5/d8/43e9d000519adceb189620b6869ff88031e046df91c2e9da72f8f6918399/django-5.2.17.tar.gz", hash = "sha256:9d4d93be539a18ab80d058eb515900e10951e04c537c5a6b394fc49528d3251f", size = 10889740, upload-time = "2026-08-04T15:04:03.173Z" }
wheels = [
    { url = "https://files.pythonhosted.org/packages/df/f8/ce120525ca78f12b07daf65786679c5d0b54a75285a8958d3ae55e39da35/django-5.2.17-py3-none-any.whl", hash = "sha256:f04fb3b36ee119e1af4fa1d397d5fd6cf12700f49321e84d4f4c642c5b1973db", size = 8315563, upload-time = "2026-08-04T15:03:59.1Z" },
]

[[package]]
name = "greenlet"
version = "3.5.6"
source = { registry = "https://pypi.org/simple" }
sdist = { url = "https://files.pythonhosted.org/packages/3e/6e/0091f175ccd02b02bc8811bbcbcc6ac2e980be116e3b2f7a736ca322bf84/greenlet-3.5.6.tar.gz", hash = "sha256:8e67c43bdfc88d5fee6db0d3e40175b362fc95fb85f0412d233b9b203c53a575", size = 207653, upload-time = "2026-09-14T15:42:51.806Z" }
wheels = [
    { url = "https://files.pythonhosted.org/packages/f1/a1/e720a38852366c589e1a46cf570b886507ad2cf591050c203365638baab0/greenlet-3.5.6-cp313-cp313-macosx_11_0_universal2.whl", hash = "sha256:f96f0e30b5a95c7631b12bfe214cbc90ec8fe8cfa36920596c10514a65743519", size = 294627, upload-time = "2026-09-14T14:24:40.102Z" },
    { url = "https://files.pythonhosted.org/packages/eb/c3/58187858df41354a11e6a55b421e7af9059798abdab3a384cc51b8567c38/greenlet-3.5.6-cp313-cp313-manylinux_2_24_aarch64.manylinux_2_28_aarch64.whl", hash = "sha256:c75116c9de79949de23006e2d9b35ee82874c594fcf5c0311b439acaa14b8441", size = 614356, upload-time = "2026-09-14T15:12:03.399Z" },
    { url = "https://files.pythonhosted.org/packages/ce/b9/3a7e67d5f05c9760b1ad411fa52264bd69cc08e22a2ebfb4018b90628ced/greenlet-3.5.6-cp313-cp313-manylinux_2_24_ppc64le.manylinux_2_28_ppc64le.whl", hash = "sha256:cad5782f93f7f738b62c6527b6f32a60694d924029f299a8b524758cfa53d815", size = 626756, upload-time = "2026-09-14T15:20:44.269Z" },
    { url = "https://files.pythonhosted.org/packages/c6/7c/40400455f5b5a65bb83e94fde66d1be9e5ec518638113f8083ace746c309/greenlet-3.5.6-cp313-cp313-manylinux_2_24_s390x.manylinux_2_28_s390x.whl", hash = "sha256:a93ee7c6e8fd0f8a83525a51bd777be57ee17787e91d805bd8d6faf9dcada18e", size = 632632, upload-time = "2026-09-14T15:25:07.813Z" },
    { url = "https://files.pythonhosted.org/packages/85/cb/ab0c123c514ed4e94c0dc9ee2e86362633e6b998cfc05de7fc9ac2eb9690/greenlet-3.5.6-cp313-cp313-manylinux_2_24_x86_64.manylinux_2_28_x86_64.whl", hash = "sha256:f98e8215e172f567ce80eeaed9107fb4d32b6c44f26983d9b8334658136a205a", size = 623779, upload-time = "2026-09-14T14:36:01.104Z" },
    { url = "https://files.pythonhosted.org/packages/f9/67/1f35cff30a6c51c3f23b63d4afcc7313ab4f97490ba3676fa78178984b27/greenlet-3.5.6-cp313-cp313-manylinux_2_39_riscv64.whl", hash = "sha256:7f731ebac68ea06d628658295cb2d217b10186329fcf9a3b6a149045059bf92e", size = 434933, upload-time = "2026-09-14T15:28:38.858Z" },
    { url = "https://files.pythonhosted.org/packages/a5/26/fda8a5a06e7073333ccb038133c5893b9e0c4fe29d5992a17e83c241bc6e/greenlet-3.5.6-cp313-cp313-musllinux_1_2_aarch64.whl", hash = "sha256:df19e2d0b1620039af5102563fbd96e8938c7f5c3f5828528d641d9fc585525e", size = 1584930, upload-time = "2026-09-14T15:10:08.234Z" },
    { url = "https://files.pythonhosted.org/packages/2f/37/50f8813163148d6234e08b23dcad6a9e37f01d148c8ec976e4c44ea2d918/greenlet-3.5.6-cp313-cp313-musllinux_1_2_x86_64.whl", hash = "sha256:06c0e933290fba8ffe53ead4ae1b8044b0e9754b75cebf381aa2bc3e50d82fac", size = 1647590, upload-time = "2026-09-14T14:35:51.173Z" },
    { url = "https://files.pythonhosted.org/packages/86/da/b7669b09586365654083a62bd0724cf06cb74bd5085a15cdd161271f992f/greenlet-3.5.6-cp313-cp313-win_amd64.whl", hash = "sha256:5b602b4201b965a8354d74e232364a66ff243dd142e350d035f46169bb36e13d", size = 324086, upload-time = "2026-09-14T14:23:48.428Z" },
    { url = "https://files.pythonhosted.org/packages/e5/5d/c9663cfe84a2a9e0aa96f066f5b0594c227ea4c647511e087e2e11d4ac0a/greenlet-3.5.6-cp313-cp313-win_arm64.whl", hash = "sha256:876077e7ebb8c84ed068e2b23d4c62ebb010d60df84b9591af1be2f39010ffb2", size = 308211, upload-time = "2026-09-14T14:28:01.634Z" },
]

[[package]]
name = "gunicorn"
version = "25.3.0"
source = { registry = "https://pypi.org/simple" }
dependencies = [
    { name = "packaging" },
]
sdist = { url = "https://files.pythonhosted.org/packages/c4/f4/e78fa054248fab913e2eab0332c6c2cb07421fca1ce56d8fe43b6aef57a4/gunicorn-25.3.0.tar.gz", hash = "sha256:f74e1b2f9f76f6cd1ca01198968bd2dd65830edc24b6e8e4d78de8320e2fe889", size = 634883, upload-time = "2026-03-27T00:00:26.092Z" }
wheels = [
    { url = "https://files.pythonhosted.org/packages/43/c8/8aaf447698c4d59aa853fd318eed300b5c9e44459f242ab8ead6c9c09792/gunicorn-25.3.0-py3-none-any.whl", hash = "sha256:cacea387dab08cd6776501621c295a904fe8e3b7aae9a1a3cbb26f4e7ed54660", size = 208403, upload-time = "2026-03-27T00:00:27.386Z" },
]

[[package]]
name = "iniconfig"
version = "2.3.0"
source = { registry = "https://pypi.org/simple" }
sdist = { url = "https://files.pythonhosted.org/packages/72/34/14ca021ce8e5dfedc35312d08ba8bf51fdd999c576889fc2c24cb97f4f10/iniconfig-2.3.0.tar.gz", hash = "sha256:c76315c77db068650d49c5b56314774a7804df16fee4402c1f19d6d15d8c4730", size = 20503, upload-time = "2025-10-18T21:55:43.219Z" }
wheels = [
    { url = "https://files.pythonhosted.org/packages/cb/b1/3846dd7f199d53cb17f49cba7e651e9ce294d8497c8c150530ed11865bb8/iniconfig-2.3.0-py3-none-any.whl", hash = "sha256:f631c04d2c48c52b84d0d0549c99ff3859c98df65b3101406327ecc7d53fbf12", size = 7484, upload-time = "2025-10-18T21:55:41.639Z" },
]

[[package]]
name = "packaging"
version = "26.3"
source = { registry = "https://pypi.org/simple" }
sdist = { url = "https://files.pythonhosted.org/packages/7d/fa/3944b40b07da9ce895c0e6303a5ab7d53da063554f534556b134a54d6093/packaging-26.3.tar.gz", hash = "sha256:94edc256424af38762eb31306eed28beb9f0efc50a8837492c9d6fd6004aed79", size = 313412, upload-time = "2026-08-04T18:15:28.737Z" }
wheels = [
    { url = "https://files.pythonhosted.org/packages/63/34/ba1c580383c9eada3711951fef0795c80b829a078d72188184bcab9dd527/packaging-26.3-py3-none-any.whl", hash = "sha256:d7193f7c8e4e93f444fde0262bf90af30e16fa0ad0ad44cb553c87339b23cd1c", size = 129956, upload-time = "2026-08-04T18:15:27.159Z" },
]

[[package]]
name = "playwright"
version = "1.63.0"
source = { registry = "https://pypi.org/simple" }
dependencies = [
    { name = "greenlet" },
    { name = "pyee" },
]
wheels = [
    { url = "https://files.pythonhosted.org/packages/19/dd/fbb3d34228ad753bc14464d5f2252585b73367539775a88d0a3949cf5a45/playwright-1.63.0-py3-none-macosx_10_13_x86_64.whl", hash = "sha256:84c540759e8e7f01e690e197e04060f48899d37cea322299f255843273d3385d", size = 44278407, upload-time = "2026-09-15T16:49:06.045Z" },
    { url = "https://files.pythonhosted.org/packages/f5/9a/948b930b1a8c4ee869e5a139a2b7747caa06aab56a3f09a2f0abdcbda221/playwright-1.63.0-py3-none-macosx_11_0_arm64.whl", hash = "sha256:fd1aa00631d44d55e56e0975bf3f3f285fac4a9fd2813183f0c12a488f1a1b24", size = 42944679, upload-time = "2026-09-15T16:49:10.039Z" },
    { url = "https://files.pythonhosted.org/packages/94/11/dc5c13fa1602371603acd461be47529c1b3513815d3a0dc98f642c291a10/playwright-1.63.0-py3-none-macosx_11_0_universal2.whl", hash = "sha256:c89fc4736502a1f0fac2c8ca5d10c0cbc1c669f1f4774a2d8507a43140e4d53f", size = 44278410, upload-time = "2026-09-15T16:49:13.861Z" },
    { url = "https://files.pythonhosted.org/packages/27/9c/103a5037789062bdab27c7dca53f3ca6b075b572ab2cd96eec825b3aec4e/playwright-1.63.0-py3-none-manylinux1_x86_64.whl", hash = "sha256:ad21bc07516b187965a7521c5cf0df0bd657b17482eaad74335272d35a2b07de", size = 48217159, upload-time = "2026-09-15T16:49:17.404Z" },
    { url = "https://files.pythonhosted.org/packages/f3/82/3d85505284c5a210f2da6c07b8f757524e79d1fba9cfdafe1eafb766ae59/playwright-1.63.0-py3-none-manylinux_2_17_aarch64.manylinux2014_aarch64.whl", hash = "sha256:354e15b29503565fc598b89f16fbe070459343bef9d7498a93e304864000c6a7", size = 47902708, upload-time = "2026-09-15T16:49:21.055Z" },
    { url = "https://files.pythonhosted.org/packages/69/8d/f74ff6b52751859f4b69caf66aa7d4a3c8d6c1f0c7dc9920da103612ee39/playwright-1.63.0-py3-none-win32.whl", hash = "sha256:660c00c62639e31b16700ba5456b351ddba55bb766b7ce8261223aa34928e482", size = 38606075, upload-time = "2026-09-15T16:49:29.546Z" },
    { url = "https://files.pythonhosted.org/packages/76/eb/d6b8d92658038e260dbc7dd69fb3fdbe245aac283953de8b50b02bfe5f61/playwright-1.63.0-py3-none-win_amd64.whl", hash = "sha256:2f9a707a6c6c91157ed77bff2b8caeb04b3c8d46e70d585fc134298cbe4b5cc6", size = 38606082, upload-time = "2026-09-15T16:49:32.838Z" },
    { url = "https://files.pythonhosted.org/packages/be/75/2432b3e3c7c62103b72d4c4cc8b16a56383ada372bbb0d1278591e988f71/playwright-1.63.0-py3-none-win_arm64.whl", hash = "sha256:1e4a3a838ce22fb68ad17193fcd142a19610d9d70fb9966d2239f5dddc0cc05b", size = 34523554, upload-time = "2026-09-15T16:49:36.455Z" },
]

[[package]]
name = "pluggy"
version = "1.6.0"
source = { registry = "https://pypi.org/simple" }
sdist = { url = "https://files.pythonhosted.org/packages/f9/e2/3e91f31a7d2b083fe6ef3fa267035b518369d9511ffab804f839851d2779/pluggy-1.6.0.tar.gz", hash = "sha256:7dcc130b76258d33b90f61b658791dede3486c3e6bfb003ee5c9bfb396dd22f3", size = 69412, upload-time = "2025-05-15T12:30:07.975Z" }
wheels = [
    { url = "https://files.pythonhosted.org/packages/54/20/4d324d65cc6d9205fabedc306948156824eb9f0ee1633355a8f7ec5c66bf/pluggy-1.6.0-py3-none-any.whl", hash = "sha256:e920276dd6813095e9377c0bc5566d94c932c33b27a3e3945d8389c374dd4746", size = 20538, upload-time = "2025-05-15T12:30:06.134Z" },
]

[[package]]
name = "psycopg"
version = "3.3.5"
source = { registry = "https://pypi.org/simple" }
dependencies = [
    { name = "tzdata", marker = "sys_platform == 'win32'" },
]
sdist = { url = "https://files.pythonhosted.org/packages/72/73/8fb739d0f6bba247b9b93c9840c402a4f88545be5f1d4b02b23366371c00/psycopg-3.3.5.tar.gz", hash = "sha256:d0a3d9ccf5788af054cbd745278cb02401b5c312aeaafbf2c6144460aec47da4", size = 166508, upload-time = "2026-08-31T22:45:43.151Z" }
wheels = [
    { url = "https://files.pythonhosted.org/packages/3d/2e/d0a645bcaadde68bd6d93c43f02f14b0191bdda367ce3f7722abe3da744a/psycopg-3.3.5-py3-none-any.whl", hash = "sha256:ce5aa5cdb4f9379f00f487590e5890bfa7df9a164648c969ffa628505e21af4e", size = 213598, upload-time = "2026-08-31T22:39:02.184Z" },
]

[package.optional-dependencies]
binary = [
    { name = "psycopg-binary", marker = "implementation_name != 'pypy'" },
]

[[package]]
name = "psycopg-binary"
version = "3.3.5"
source = { registry = "https://pypi.org/simple" }
wheels = [
    { url = "https://files.pythonhosted.org/packages/e0/1c/e718752cc63cf4e99e4a10fd36e3a3364dabdd0819484a24c0d79fbb9685/psycopg_binary-3.3.5-cp313-cp313-macosx_10_13_x86_64.whl", hash = "sha256:6e85d50b87257fb117675a19ee59daa7bf9a57f6431500adf7059df799232ef4", size = 4704421, upload-time = "2026-08-31T22:42:59.564Z" },
    { url = "https://files.pythonhosted.org/packages/af/cf/a0e748e27c09b92738e4460582d121ba1908be3e36791e150f435e54b332/psycopg_binary-3.3.5-cp313-cp313-macosx_11_0_arm64.whl", hash = "sha256:e5becd311f9af8d180bad372f51fb2252fd02cb2073056e2b170c9274f95fe7f", size = 4765054, upload-time = "2026-08-31T22:43:05.421Z" },
    { url = "https://files.pythonhosted.org/packages/39/62/0cbac0266d56c94dd1f702d9af2b5d54bf80b6e658048f4f2c5bd63dd7e3/psycopg_binary-3.3.5-cp313-cp313-manylinux2014_ppc64le.manylinux_2_17_ppc64le.whl", hash = "sha256:19e5bf9872dbd164c220567fd385ba2309c7d9df1541f78343510c6b0f36a1b7", size = 5547137, upload-time = "2026-08-31T22:43:11.768Z" },
    { url = "https://files.pythonhosted.org/packages/fb/3a/73c6f8871f38fc07a9c0b4cbc9467beb116a2783cecf87dfa53900a396dc/psycopg_binary-3.3.5-cp313-cp313-manylinux2014_x86_64.manylinux_2_17_x86_64.whl", hash = "sha256:cb3b3bffebfe07110730626e76238161124f35ac87b748d663316a28d22f58b0", size = 5227577, upload-time = "2026-08-31T22:43:20.767Z" },
    { url = "https://files.pythonhosted.org/packages/59/7b/9f17b9f4d297b774dc574199c4dcd02dadc32a00c4056265918de5c70635/psycopg_binary-3.3.5-cp313-cp313-manylinux_2_27_aarch64.manylinux_2_28_aarch64.whl", hash = "sha256:2111f880add40fb03c60556069ad68e884a0908a74d2debafc603caf93b73552", size = 6824606, upload-time = "2026-08-31T22:43:33.698Z" },
    { url = "https://files.pythonhosted.org/packages/94/86/d84dadd94a004dbbb43ce0579f1f766fdc6b8cbef745090e24bea77b5283/psycopg_binary-3.3.5-cp313-cp313-manylinux_2_38_riscv64.manylinux_2_39_riscv64.whl", hash = "sha256:40505676b1526b9ea387dace034040a8c8b0bcf984cd6bd4720a2ab15e813586", size = 5060854, upload-time = "2026-08-31T22:43:42.258Z" },
    { url = "https://files.pythonhosted.org/packages/30/d0/e5078be2c7d2490c0d6cd4cb7b3601aec44be2fa8b3fe927e9419b06004f/psycopg_binary-3.3.5-cp313-cp313-musllinux_1_2_aarch64.whl", hash = "sha256:5816472e3bb05615f33a741e0835043d1f4bf9709ff30d2f4aed71815cfc6b5e", size = 4589511, upload-time = "2026-08-31T22:43:50.012Z" },
    { url = "https://files.pythonhosted.org/packages/f1/01/08dfb5b18fa482e025864fd91a022310d0782c42e4cf5dda5d0e010b6790/psycopg_binary-3.3.5-cp313-cp313-musllinux_1_2_ppc64le.whl", hash = "sha256:358748fc4c8ccdc0e2bdf55420494930e19c3ade586ea9c3a6de3dad1f897311", size = 4268144, upload-time = "2026-08-31T22:43:56.993Z" },
    { url = "https://files.pythonhosted.org/packages/88/b9/cb01dc1d63f3241b49b2ca7fb9f98d0f5c76127f0dbb9440635a6ad0233e/psycopg_binary-3.3.5-cp313-cp313-musllinux_1_2_riscv64.whl", hash = "sha256:1ef2e498be47800f6202b9a2304c22646325ca6d54001b7c785bcfdb24a1e8ab", size = 4001036, upload-time = "2026-08-31T22:44:04.429Z" },
    { url = "https://files.pythonhosted.org/packages/95/49/7c17dd832c05b380562ff2ff5f6ab2bcaeca8b7fff2c2b355854368a5bdb/psycopg_binary-3.3.5-cp313-cp313-musllinux_1_2_x86_64.whl", hash = "sha256:88e01aa2e938a45655a8a5213fc3a44ba78cb4cab8a569b3e0bcb3d1d0eaba16", size = 4313112, upload-time = "2026-08-31T22:44:12.446Z" },
    { url = "https://files.pythonhosted.org/packages/7c/2c/b0b2f887185d6a2ec0b3bef948cc07656d2d1a5d96fa7f2bb03f6ef06ca4/psycopg_binary-3.3.5-cp313-cp313-win_amd64.whl", hash = "sha256:ba466011569297114449df9d523438e1adeedf3e4f31ffb78e897ec3fef3076b", size = 3647313, upload-time = "2026-08-31T22:44:19.139Z" },
]

[[package]]
name = "pyee"
version = "13.0.1"
source = { registry = "https://pypi.org/simple" }
dependencies = [
    { name = "typing-extensions" },
]
sdist = { url = "https://files.pythonhosted.org/packages/8b/04/e7c1fe4dc78a6fdbfd6c337b1c3732ff543b8a397683ab38378447baa331/pyee-13.0.1.tar.gz", hash = "sha256:0b931f7c14535667ed4c7e0d531716368715e860b988770fc7eb8578d1f67fc8", size = 31655, upload-time = "2026-02-14T21:12:28.044Z" }
wheels = [
    { url = "https://files.pythonhosted.org/packages/a0/c4/b4d4827c93ef43c01f599ef31453ccc1c132b353284fc6c87d535c233129/pyee-13.0.1-py3-none-any.whl", hash = "sha256:af2f8fede4171ef667dfded53f96e2ed0d6e6bd7ee3bb46437f77e3b57689228", size = 15659, upload-time = "2026-02-14T21:12:26.263Z" },
]

[[package]]
name = "pygments"
version = "2.21.0"
source = { registry = "https://pypi.org/simple" }
sdist = { url = "https://files.pythonhosted.org/packages/49/2e/ced460408999b33da6b31b0021b0f37d329e202d4169aeb164493778f25b/pygments-2.21.0.tar.gz", hash = "sha256:610ca751c9bc2492b38eb9a38a7fbc93edbbb2d7182edaf34e66ae493dee5c8c", size = 5005329, upload-time = "2026-08-17T08:02:48.824Z" }
wheels = [
    { url = "https://files.pythonhosted.org/packages/71/46/17f022dd3e953bf20a04a028a21ec746d942f8d2af30fa0f124fa0e6a684/pygments-2.21.0-py3-none-any.whl", hash = "sha256:2363c69b61c4a97c838da3b130dcd6468f4848992b21a82f2a63ec34377137d9", size = 1250147, upload-time = "2026-08-17T08:02:44.912Z" },
]

[[package]]
name = "pytest"
version = "9.1.1"
source = { registry = "https://pypi.org/simple" }
dependencies = [
    { name = "colorama", marker = "sys_platform == 'win32'" },
    { name = "iniconfig" },
    { name = "packaging" },
    { name = "pluggy" },
    { name = "pygments" },
]
sdist = { url = "https://files.pythonhosted.org/packages/e4/47/b9efed96c114afcfa3c9d3fe98a76a1d14c74a9e266d397cf6eb64be5e01/pytest-9.1.1.tar.gz", hash = "sha256:1088fbde8f2b49d95a549a195707afa7a76a3ce9bcadc26b6d71f0ffda5fe313", size = 1636369, upload-time = "2026-06-19T10:58:32.857Z" }
wheels = [
    { url = "https://files.pythonhosted.org/packages/24/25/1de2678b631f5a49215c6c96fff41ba892b0a34df68d6d80292b1b48aa7f/pytest-9.1.1-py3-none-any.whl", hash = "sha256:37a86b45efb9a47a61a36449063e8e18d0cab3161329fc099eb21783169c4f0c", size = 386536, upload-time = "2026-06-19T10:58:31.347Z" },
]

[[package]]
name = "pytest-django"
version = "4.14.0"
source = { registry = "https://pypi.org/simple" }
dependencies = [
    { name = "pytest" },
]
sdist = { url = "https://files.pythonhosted.org/packages/44/f6/3851312120c2bf2f19cafff931e75059aad1ba670703cd751e2fde9bc942/pytest_django-4.14.0.tar.gz", hash = "sha256:26787dd3f422cfbab8f55b80a776e2edea7a11092cb74e960bef1312515708ef", size = 94700, upload-time = "2026-08-10T14:13:08.319Z" }
wheels = [
    { url = "https://files.pythonhosted.org/packages/9c/03/850bffad2b581c440ca51c039d74504d5a422c94bda0bdb8a8ba5068d48b/pytest_django-4.14.0-py3-none-any.whl", hash = "sha256:c533b08d89cc675efcd5398eea270b34547e35f9a3608e2c9748dd88428ea187", size = 27067, upload-time = "2026-08-10T14:13:06.998Z" },
]

[[package]]
name = "ruff"
version = "0.16.7"
source = { registry = "https://pypi.org/simple" }
sdist = { url = "https://files.pythonhosted.org/packages/82/bb/5a449b9162e49b139d72f61672bd3ac1d790221f796d3304e2241fff4c58/ruff-0.16.7.tar.gz", hash = "sha256:5f71d004ac1263b22fa39462ac5ae618a4b77d58981af2cc79bf79a29c12b1a6", size = 4924184, upload-time = "2026-09-10T18:04:06.336Z" }
wheels = [
    { url = "https://files.pythonhosted.org/packages/e3/b2/c80aeeb7f9e469c0d63a85d2f1ab6e1ebfbe10ea7a8d2438b7e09e3ff09e/ruff-0.16.7-py3-none-linux_armv6l.whl", hash = "sha256:727307773e7c7f9181d3ed3a2484186e56c1fa1874255911c74585eb2c7c19f9", size = 10048917, upload-time = "2026-09-10T18:03:30.28Z" },
    { url = "https://files.pythonhosted.org/packages/7b/96/20bb7bcae008004df52afcb7ac83432d4a467f2c17b672fe46d26be231c5/ruff-0.16.7-py3-none-macosx_10_12_x86_64.whl", hash = "sha256:9d61c258deabf58f34c67bd4bb4d939c7f2e6b5f0e59c1cdd1cf771b11cde929", size = 10242929, upload-time = "2026-09-10T18:03:32.706Z" },
    { url = "https://files.pythonhosted.org/packages/90/b2/f184b0d5abec02db69cfd7e49b688ae0237554528ca777136c613bf36bee/ruff-0.16.7-py3-none-macosx_11_0_arm64.whl", hash = "sha256:7ab81118df8945e0193d0240712aa4496573595b75185c3636ed825592a0f728", size = 9847245, upload-time = "2026-09-10T18:03:34.509Z" },
    { url = "https://files.pythonhosted.org/packages/eb/2d/db1633a641866ed801e34cc6b60ef236c5e16f9b2124ab1d49cc24a5fe4f/ruff-0.16.7-py3-none-manylinux_2_17_aarch64.manylinux2014_aarch64.whl", hash = "sha256:4c196c968874fc8019da8e7163de7a1a370f111e2309b4b7dfea0fce950198d0", size = 9961780, upload-time = "2026-09-10T18:03:36.618Z" },
    { url = "https://files.pythonhosted.org/packages/4d/98/edea21e1a3e38dbbc3bf6bb068b863b3b06184cf8533a4c7dbbe208a89d5/ruff-0.16.7-py3-none-manylinux_2_17_armv7l.manylinux2014_armv7l.whl", hash = "sha256:ac8c3bd0a7e10ad31e6ce51e7a99f3cb772e69aecdd6b9ea7e99b362f62a62c0", size = 9866337, upload-time = "2026-09-10T18:03:38.805Z" },
    { url = "https://files.pythonhosted.org/packages/0b/11/a15e60d4c87b214646f116ca9d204475bf993ee1047459bc9a360fd4d6d1/ruff-0.16.7-py3-none-manylinux_2_17_i686.manylinux2014_i686.whl", hash = "sha256:398d3988edde000b5c75dc1b3f584708da9bc990de069c18909142580fec1af9", size = 10562512, upload-time = "2026-09-10T18:03:40.71Z" },
    { url = "https://files.pythonhosted.org/packages/29/42/eaff4c9b6d0c7cdf56df313a17e89ae854f5bbc0b0c8f9cce19be0ab7a8f/ruff-0.16.7-py3-none-manylinux_2_17_ppc64le.manylinux2014_ppc64le.whl", hash = "sha256:ce05b62b770a8217c4646a9c4139fca00efe8fe5d71f87df2b243ff20d4584d1", size = 11302938, upload-time = "2026-09-10T18:03:42.607Z" },
    { url = "https://files.pythonhosted.org/packages/5d/43/c75aa59a4ec181fe2ec06cab30e198c1c6d107229a9f008ae3a7c16cabd8/ruff-0.16.7-py3-none-manylinux_2_17_s390x.manylinux2014_s390x.whl", hash = "sha256:af1b576fddb9d9ef2ececfb5fadcd6a624b25070ed85e3cfcfe449fc3ff6a7b9", size = 10840857, upload-time = "2026-09-10T18:03:44.604Z" },
    { url = "https://files.pythonhosted.org/packages/21/33/81f3da371942ea031105ba679d8d6e28ec1660ccd690a45f42d381161356/ruff-0.16.7-py3-none-manylinux_2_17_x86_64.manylinux2014_x86_64.whl", hash = "sha256:9ce7f8f22df67c93ed96c717f9128eadb797144ac2bad475cf536f31d6100c55", size = 10370001, upload-time = "2026-09-10T18:03:46.706Z" },
    { url = "https://files.pythonhosted.org/packages/fa/0b/6345fb4dbf6dd0ed1cfe5d18391dc9c3f59cc81622a7b0a65b84b3e730ba/ruff-0.16.7-py3-none-manylinux_2_31_riscv64.whl", hash = "sha256:06d0e93d04f392996435ebd600c153f65b47d73fbec2415aa99c5ee5756b3a5f", size = 10548735, upload-time = "2026-09-10T18:03:48.658Z" },
    { url = "https://files.pythonhosted.org/packages/3f/4d/c5576adf511f92a328e5569dda190ecdd430da51f1a649f3a4a2fd73e21e/ruff-0.16.7-py3-none-musllinux_1_2_aarch64.whl", hash = "sha256:142151a5e7b93c1b11111337142f89dd2fbfee92161225c99a97222f22e32656", size = 10108496, upload-time = "2026-09-10T18:03:50.563Z" },
    { url = "https://files.pythonhosted.org/packages/ff/8c/667d83c16199a17a56adc6b0bd4c3beb5b767a2babcd16a56f76f9be7fd6/ruff-0.16.7-py3-none-musllinux_1_2_armv7l.whl", hash = "sha256:e6651f97a342d8b35d54d8991544ca22169b86dc54111cb604666940c431b750", size = 9860136, upload-time = "2026-09-10T18:03:52.621Z" },
    { url = "https://files.pythonhosted.org/packages/99/75/78d401106731999a1dd20cc5a6961e37e1eb9397a3b589f73f3a5ce146a3/ruff-0.16.7-py3-none-musllinux_1_2_i686.whl", hash = "sha256:ef140c6eb935fa9a84c9c607dfb2cb1b85843c192e79265b0c54f35f557ea8e5", size = 10286290, upload-time = "2026-09-10T18:03:55.207Z" },
    { url = "https://files.pythonhosted.org/packages/68/49/56f9c3a8b755df93a0ad318b2147bf4ef5dae9a7e5ec61c460109c67957f/ruff-0.16.7-py3-none-musllinux_1_2_x86_64.whl", hash = "sha256:53e39506a730fadeee0d998ed5946f30671f0db240c6c7c73bdabbe33604bb6f", size = 10745048, upload-time = "2026-09-10T18:03:57.299Z" },
    { url = "https://files.pythonhosted.org/packages/5f/ea/7f9b938a63ece4bec677ad7f9f7fa02df3383db1949ed93a382441c09a87/ruff-0.16.7-py3-none-win32.whl", hash = "sha256:2ea3470fcebcbc5df2fb0c6f3b90333fa9084c534e0111c038fa4a6ab9f1c4b7", size = 10059082, upload-time = "2026-09-10T18:03:59.632Z" },
    { url = "https://files.pythonhosted.org/packages/39/11/480a6973a927aa653e1cead6a6416008640e03a99d05b34c0434b8c6c366/ruff-0.16.7-py3-none-win_amd64.whl", hash = "sha256:7ac26aca826e9e21d0f1cb25b54ac660760a9fdd094d3e4df9848232be98cfc6", size = 10593368, upload-time = "2026-09-10T18:04:01.999Z" },
    { url = "https://files.pythonhosted.org/packages/8b/4b/51327018d056f0dad2c2238f26d1fb0f53707a9d91b75dea6d1b3039f136/ruff-0.16.7-py3-none-win_arm64.whl", hash = "sha256:aab7f39e2c9df6c596216070f98eef1207b94f8516cca20c808826974971855b", size = 10412401, upload-time = "2026-09-10T18:04:04.098Z" },
]

[[package]]
name = "sqlparse"
version = "0.6.0"
source = { registry = "https://pypi.org/simple" }
sdist = { url = "https://files.pythonhosted.org/packages/5f/d3/3f06a1006f2261d1342aefb3c71eed02f5d4ca5bdbecd86ebc12ad38306e/sqlparse-0.6.0.tar.gz", hash = "sha256:113c35c75365ab9cc9c7231d68c6428fb11c085fc8e9eb1ad659b7ddbf6cd2b9", size = 178477, upload-time = "2026-08-13T19:16:06.396Z" }
wheels = [
    { url = "https://files.pythonhosted.org/packages/d9/50/f00935da0ec7cbf325f8dc4f772ae46fbc7b672dd62876e73f0a94adda57/sqlparse-0.6.0-py3-none-any.whl", hash = "sha256:b861c0288ce2fa56209a9a6412d2e066ac664b3873b89c26c9d8415e8e32996f", size = 50070, upload-time = "2026-08-13T19:16:04.062Z" },
]

[[package]]
name = "typing-extensions"
version = "4.16.0"
source = { registry = "https://pypi.org/simple" }
sdist = { url = "https://files.pythonhosted.org/packages/f6/cc/6253133b5bb138fc3306cebfbda2c520f545d36b5be2c7255cc528bb45d6/typing_extensions-4.16.0.tar.gz", hash = "sha256:dc983d19a509c94dba722ee6abd33940f7c05a89e243c47e907eb4db6f1a43e5", size = 113555, upload-time = "2026-07-02T08:40:05.92Z" }
wheels = [
    { url = "https://files.pythonhosted.org/packages/49/d3/b8441a820a491ddfc024b0b0cf0393375b75ea13866d9c66727e54c2fc80/typing_extensions-4.16.0-py3-none-any.whl", hash = "sha256:481caa481374e813c1b176ada14e97f1f67a4539ce9cfeb3f350d78d6370c2e8", size = 45571, upload-time = "2026-07-02T08:40:04.659Z" },
]

[[package]]
name = "tzdata"
version = "2026.4"
source = { registry = "https://pypi.org/simple" }
sdist = { url = "https://files.pythonhosted.org/packages/e4/31/3d74fa778a63b98b7374323befcc0be5ab3bd94afd4096a0124e7379152c/tzdata-2026.4.tar.gz", hash = "sha256:f1b8bd365d8d210c55353f4d7f8d6d8561c0ba50d704b700d195a9424bba0d79", size = 199350, upload-time = "2026-09-12T12:56:03.251Z" }
wheels = [
    { url = "https://files.pythonhosted.org/packages/f9/bc/8737e8d54cf51106118039b83f485a4783112fab49ea9d044b234978a46e/tzdata-2026.4-py2.py3-none-any.whl", hash = "sha256:c2169a8b0a7a5e9674da5a135ccdfb2b3e671b333ed9fed17b41f73c34476e81", size = 347494, upload-time = "2026-09-12T12:56:01.67Z" },
]

[[package]]
name = "whitenoise"
version = "6.12.0"
source = { registry = "https://pypi.org/simple" }
sdist = { url = "https://files.pythonhosted.org/packages/cb/2a/55b3f3a4ec326cd077c1c3defeee656b9298372a69229134d930151acd01/whitenoise-6.12.0.tar.gz", hash = "sha256:f723ebb76a112e98816ff80fcea0a6c9b8ecde835f8ddda25df7a30a3c2db6ad", size = 26841, upload-time = "2026-02-27T00:05:42.028Z" }
wheels = [
    { url = "https://files.pythonhosted.org/packages/db/eb/d5583a11486211f3ebd4b385545ae787f32363d453c19fffd81106c9c138/whitenoise-6.12.0-py3-none-any.whl", hash = "sha256:fc5e8c572e33ebf24795b47b6a7da8da3c00cff2349f5b04c02f28d0cc5a3cc2", size = 20302, upload-time = "2026-02-27T00:05:40.086Z" },
]
